// !$*UTF8*$!
{
	archiveVersion = 1;
	classes = {
	};
	objectVersion = 51;
	objects = {

/* Begin PBXBuildRule section */
		3A11481324ECA7E600F18E22 /* PBXBuildRule */ = {
			isa = PBXBuildRule;
			compilerSpec = com.apple.compilers.proxy.script;
			fileType = pattern.proxy;
			inputFiles = (
			);
			isEditable = 1;
			outputFiles = (
			);
			script = "# Type a script or drag a script file from your workspace to insert its path.\n";
		};
/* End PBXBuildRule section */

/* Begin PBXGroup section */
		3A17DE5F24C675ED00412CC1 = {
			isa = PBXGroup;
			children = (
			);
			sourceTree = "<group>";
		};
/* End PBXGroup section */

/* Begin PBXNativeTarget section */
		3A17DE6524C675ED00412CC1 /* blitcurveMetal (iOS) */ = {
			isa = PBXNativeTarget;
			buildConfigurationList = 3A17DE6B24C675ED00412CC1 /* Build configuration list for PBXNativeTarget "blitcurveMetal (iOS)" */;
			buildPhases = (
				3A17DE7C24C676F900412CC1 /* Concat sources */,
				3A11481124ECA7BF00F18E22 /* Compile metal */,
				3A17DE8124C67A7C00412CC1 /* Link library */,
			);
			buildRules = (
				3A11481324ECA7E600F18E22 /* PBXBuildRule */,
			);
			dependencies = (
			);
			name = "blitcurveMetal (iOS)";
			productName = blitcurveMetal;
			productType = "com.apple.product-type.metal-library";
		};
		3A41E8FE24C7B918004A8BCA /* blitcurveMetal (macOS) */ = {
			isa = PBXNativeTarget;
			buildConfigurationList = 3A41E90424C7B918004A8BCA /* Build configuration list for PBXNativeTarget "blitcurveMetal (macOS)" */;
			buildPhases = (
				3A41E90624C7B942004A8BCA /* Concat sources */,
				3A11481024ECA21D00F18E22 /* compile lib */,
				3A41E90724C7B99B004A8BCA /* link */,
			);
			buildRules = (
			);
			dependencies = (
			);
			name = "blitcurveMetal (macOS)";
			productName = "blitcurveMetal-macOS";
			productType = "com.apple.product-type.metal-library";
		};
/* End PBXNativeTarget section */

/* Begin PBXProject section */
		3A17DE6024C675ED00412CC1 /* Project object */ = {
			isa = PBXProject;
			attributes = {
				LastUpgradeCheck = 1200;
				TargetAttributes = {
					3A17DE6524C675ED00412CC1 = {
						CreatedOnToolsVersion = 12.0;
					};
					3A41E8FE24C7B918004A8BCA = {
						CreatedOnToolsVersion = 12.0;
					};
				};
			};
			buildConfigurationList = 3A17DE6324C675ED00412CC1 /* Build configuration list for PBXProject "blitcurveMetal" */;
			compatibilityVersion = "Xcode 9.3";
			developmentRegion = en;
			hasScannedForEncodings = 0;
			knownRegions = (
				en,
				Base,
			);
			mainGroup = 3A17DE5F24C675ED00412CC1;
			projectDirPath = "";
			projectRoot = "";
			targets = (
				3A17DE6524C675ED00412CC1 /* blitcurveMetal (iOS) */,
				3A41E8FE24C7B918004A8BCA /* blitcurveMetal (macOS) */,
			);
		};
/* End PBXProject section */

/* Begin PBXShellScriptBuildPhase section */
		3A11481024ECA21D00F18E22 /* compile lib */ = {
			isa = PBXShellScriptBuildPhase;
			buildActionMask = 2147483647;
			files = (
			);
			inputFileListPaths = (
			);
			inputPaths = (
				"${DERIVED_SOURCES_DIR}/blitcurve.metal",
			);
			name = "compile lib";
			outputFileListPaths = (
			);
			outputPaths = (
				"${TARGET_TEMP_DIR}/Metal/blitcurve.air",
			);
			runOnlyForDeploymentPostprocessing = 0;
			shellPath = /bin/sh;
			shellScript = "if [ $MTL_ENABLE_DEBUG_INFO = \"INCLUDE_SOURCE\" ]; then\nMOREARGS=\"-gline-tables-only -MO\" \nelse\nMOREARGS=\"\"\nfi\n\nmetal -c -target air64-apple-macos10.15 $MOREARGS -MO -I${MTL_HEADER_SEARCH_PATHS} -F${HEADER_SEARCH_PATHS} -isysroot \"${SDKROOT}\" -ffast-math  -o \"${TARGET_TEMP_DIR}/Metal/blitcurve.air\"  -MMD  \"${DERIVED_SOURCES_DIR}/blitcurve.metal\"\n";
		};
		3A11481124ECA7BF00F18E22 /* Compile metal */ = {
			isa = PBXShellScriptBuildPhase;
			buildActionMask = 2147483647;
			files = (
			);
			inputFileListPaths = (
			);
			inputPaths = (
				"$(DERIVED_SOURCES_DIR)/blitcurve.metal",
			);
			name = "Compile metal";
			outputFileListPaths = (
			);
			outputPaths = (
				"${TARGET_TEMP_DIR}/Metal/blitcurve.air",
			);
			runOnlyForDeploymentPostprocessing = 0;
			shellPath = /bin/sh;
			shellScript = "if [ $MTL_ENABLE_DEBUG_INFO = \"INCLUDE_SOURCE\" ]; then\nMOREARGS=\"-gline-tables-only -MO\"\nelse\nMOREARGS=\"\"\nfi\n\nmetal -c -target air64-apple-ios14.0 $MOREARGS -MO -I${MTL_HEADER_SEARCH_PATHS} -F${HEADER_SEARCH_PATHS} -isysroot \"${SDKROOT}\" -ffast-math  -o \"${TARGET_TEMP_DIR}/Metal/blitcurve.air\"  -MMD  \"${DERIVED_SOURCES_DIR}/blitcurve.metal\"\n";
		};
		3A17DE7C24C676F900412CC1 /* Concat sources */ = {
			isa = PBXShellScriptBuildPhase;
			buildActionMask = 2147483647;
			files = (
			);
			inputFileListPaths = (
				"$(SRCROOT)/blitcurveMetal.xcfileslist",
			);
			inputPaths = (
			);
			name = "Concat sources";
			outputFileListPaths = (
			);
			outputPaths = (
				"$(DERIVED_SOURCES_DIR)/blitcurve.metal",
			);
			runOnlyForDeploymentPostprocessing = 0;
			shellPath = /bin/bash;
			shellScript = "set -e\nrm -f \"${SCRIPT_OUTPUT_FILE_0}\"\nwhile read file; do\n    if [[ \"$file\" == \"*.h\" ]]; then #ignore header files, they're just here for dependency analysis\n    continue\n    fi\n    EXPANDED=`eval echo \"$file\"`\n    cat \"$EXPANDED\" >> \"${SCRIPT_OUTPUT_FILE_0}\"\ndone <\"${SRCROOT}/blitcurveMetal.xcfileslist\"\n";
		};
		3A17DE8124C67A7C00412CC1 /* Link library */ = {
			isa = PBXShellScriptBuildPhase;
			buildActionMask = 2147483647;
			files = (
			);
			inputFileListPaths = (
			);
			inputPaths = (
				"${TARGET_TEMP_DIR}/Metal/blitcurve.air",
			);
			name = "Link library";
			outputFileListPaths = (
			);
			outputPaths = (
				"${BUILT_PRODUCTS_DIR}/libblitcurve-metal.a",
			);
			runOnlyForDeploymentPostprocessing = 0;
			shellPath = /bin/sh;
			shellScript = "metal-libtool -static \"${TARGET_TEMP_DIR}/Metal/blitcurve.air\"  -o \"${BUILT_PRODUCTS_DIR}/libblitcurve-metal.a\"\n";
		};
		3A41E90624C7B942004A8BCA /* Concat sources */ = {
			isa = PBXShellScriptBuildPhase;
			buildActionMask = 2147483647;
			files = (
			);
			inputFileListPaths = (
				"$(SRCROOT)/blitcurveMetal.xcfileslist",
			);
			inputPaths = (
			);
			name = "Concat sources";
			outputFileListPaths = (
			);
			outputPaths = (
				"$(DERIVED_SOURCES_DIR)/blitcurve.metal",
			);
			runOnlyForDeploymentPostprocessing = 0;
			shellPath = /bin/sh;
			shellScript = "set -e\nrm -f \"${SCRIPT_OUTPUT_FILE_0}\"\nwhile read file; do\n    if [[ \"$file\" == \"*.h\" ]]; then #ignore header files, they're just here for dependency analysis\n    continue\n    fi\n    EXPANDED=`eval echo \"$file\"`\n    cat \"$EXPANDED\" >> \"${SCRIPT_OUTPUT_FILE_0}\"\ndone <\"${SRCROOT}/blitcurveMetal.xcfileslist\"\n";
		};
		3A41E90724C7B99B004A8BCA /* link */ = {
			isa = PBXShellScriptBuildPhase;
			buildActionMask = 2147483647;
			files = (
			);
			inputFileListPaths = (
			);
			inputPaths = (
				"${TARGET_TEMP_DIR}/Metal/blitcurve.air",
			);
			name = link;
			outputFileListPaths = (
			);
			outputPaths = (
				"${BUILT_PRODUCTS_DIR}/libblitcurve-metal.a",
			);
			runOnlyForDeploymentPostprocessing = 0;
			shellPath = /bin/sh;
			shellScript = "metal-libtool -static \"${TARGET_TEMP_DIR}/Metal/blitcurve.air\"  -o \"${BUILT_PRODUCTS_DIR}/libblitcurve-metal.a\"\n";
		};
/* End PBXShellScriptBuildPhase section */

/* Begin XCBuildConfiguration section */
		3A17DE6924C675ED00412CC1 /* Debug */ = {
			isa = XCBuildConfiguration;
			buildSettings = {
				ALWAYS_SEARCH_USER_PATHS = NO;
				IPHONEOS_DEPLOYMENT_TARGET = 14.0;
				MTL_ENABLE_DEBUG_INFO = INCLUDE_SOURCE;
				MTL_FAST_MATH = YES;
				MTL_HEADER_SEARCH_PATHS = "Sources/blitcurve-c/include";
				SDKROOT = iphoneos;
			};
			name = Debug;
		};
		3A17DE6A24C675ED00412CC1 /* Release */ = {
			isa = XCBuildConfiguration;
			buildSettings = {
				ALWAYS_SEARCH_USER_PATHS = NO;
				IPHONEOS_DEPLOYMENT_TARGET = 14.0;
				MTL_ENABLE_DEBUG_INFO = NO;
				MTL_FAST_MATH = YES;
				MTL_HEADER_SEARCH_PATHS = "Sources/blitcurve-c/include";
				SDKROOT = iphoneos;
			};
			name = Release;
		};
		3A17DE6C24C675ED00412CC1 /* Debug */ = {
			isa = XCBuildConfiguration;
			buildSettings = {
				CODE_SIGN_STYLE = Automatic;
				PRODUCT_NAME = "$(TARGET_NAME)";
			};
			name = Debug;
		};
		3A17DE6D24C675ED00412CC1 /* Release */ = {
			isa = XCBuildConfiguration;
			buildSettings = {
				CODE_SIGN_STYLE = Automatic;
				PRODUCT_NAME = "$(TARGET_NAME)";
			};
			name = Release;
		};
		3A41E90224C7B918004A8BCA /* Debug */ = {
			isa = XCBuildConfiguration;
			buildSettings = {
				CODE_SIGN_STYLE = Automatic;
				MACOSX_DEPLOYMENT_TARGET = 10.15;
				PRODUCT_NAME = "$(TARGET_NAME)";
				SDKROOT = macosx;
			};
			name = Debug;
		};
		3A41E90324C7B918004A8BCA /* Release */ = {
			isa = XCBuildConfiguration;
			buildSettings = {
				CODE_SIGN_STYLE = Automatic;
				MACOSX_DEPLOYMENT_TARGET = 10.15;
				PRODUCT_NAME = "$(TARGET_NAME)";
				SDKROOT = macosx;
			};
			name = Release;
		};
/* End XCBuildConfiguration section */

/* Begin XCConfigurationList section */
		3A17DE6324C675ED00412CC1 /* Build configuration list for PBXProject "blitcurveMetal" */ = {
			isa = XCConfigurationList;
			buildConfigurations = (
				3A17DE6924C675ED00412CC1 /* Debug */,
				3A17DE6A24C675ED00412CC1 /* Release */,
			);
			defaultConfigurationIsVisible = 0;
			defaultConfigurationName = Release;
		};
		3A17DE6B24C675ED00412CC1 /* Build configuration list for PBXNativeTarget "blitcurveMetal (iOS)" */ = {
			isa = XCConfigurationList;
			buildConfigurations = (
				3A17DE6C24C675ED00412CC1 /* Debug */,
				3A17DE6D24C675ED00412CC1 /* Release */,
			);
			defaultConfigurationIsVisible = 0;
			defaultConfigurationName = Release;
		};
		3A41E90424C7B918004A8BCA /* Build configuration list for PBXNativeTarget "blitcurveMetal (macOS)" */ = {
			isa = XCConfigurationList;
			buildConfigurations = (
				3A41E90224C7B918004A8BCA /* Debug */,
				3A41E90324C7B918004A8BCA /* Release */,
			);
			defaultConfigurationIsVisible = 0;
			defaultConfigurationName = Release;
		};
/* End XCConfigurationList section */
	};
	rootObject = 3A17DE6024C675ED00412CC1 /* Project object */;
}
